
Microsoft Visual Studio Solution File, Format Version 12.00
# Visual Studio 2013
VisualStudioVersion = 12.0.30501.0
MinimumVisualStudioVersion = 10.0.40219.1
Project("{FAE04EC0-301F-11D3-BF4B-00C04F79EFBC}") = "SignalR.Castle.Windsor", "SignalR.Castle.Windsor\SignalR.Castle.Windsor.csproj", "{1AA09D94-83BA-4893-A402-22ED559E9A9E}"
EndProject
Project("{FAE04EC0-301F-11D3-BF4B-00C04F79EFBC}") = "SignalR.Castle.Windsor.Sample", "SignalR.Castle.Windsor.Sample\SignalR.Castle.Windsor.Sample.csproj", "{CFD26832-838D-47C0-BD54-57A6E424DCC1}"
EndProject
Project("{2150E333-8FDC-42A3-9474-1A3956D46DE8}") = ".build", ".build", "{11247FBE-F561-41EA-B027-B1AAD886BBBF}"
	ProjectSection(SolutionItems) = preProject
		.build\build.csx = .build\build.csx
		.build\buildCI.bat = .build\buildCI.bat
		.build\buildDeploy.bat = .build\buildDeploy.bat
		.build\packages.config = .build\packages.config
	EndProjectSection
EndProject
Project("{2150E333-8FDC-42A3-9474-1A3956D46DE8}") = ".nuget", ".nuget", "{A84E6F8F-2A36-4F2A-81E3-E342A29B8AE0}"
	ProjectSection(SolutionItems) = preProject
		.nuget\packages.config = .nuget\packages.config
	EndProjectSection
EndProject
Global
	GlobalSection(SolutionConfigurationPlatforms) = preSolution
		Debug|Any CPU = Debug|Any CPU
		Release|Any CPU = Release|Any CPU
	EndGlobalSection
	GlobalSection(ProjectConfigurationPlatforms) = postSolution
		{1AA09D94-83BA-4893-A402-22ED559E9A9E}.Debug|Any CPU.ActiveCfg = Debug|Any CPU
		{1AA09D94-83BA-4893-A402-22ED559E9A9E}.Debug|Any CPU.Build.0 = Debug|Any CPU
		{1AA09D94-83BA-4893-A402-22ED559E9A9E}.Release|Any CPU.ActiveCfg = Release|Any CPU
		{1AA09D94-83BA-4893-A402-22ED559E9A9E}.Release|Any CPU.Build.0 = Release|Any CPU
		{CFD26832-838D-47C0-BD54-57A6E424DCC1}.Debug|Any CPU.ActiveCfg = Debug|Any CPU
		{CFD26832-838D-47C0-BD54-57A6E424DCC1}.Debug|Any CPU.Build.0 = Debug|Any CPU
		{CFD26832-838D-47C0-BD54-57A6E424DCC1}.Release|Any CPU.ActiveCfg = Release|Any CPU
		{CFD26832-838D-47C0-BD54-57A6E424DCC1}.Release|Any CPU.Build.0 = Release|Any CPU
	EndGlobalSection
	GlobalSection(SolutionProperties) = preSolution
		HideSolutionNode = FALSE
	EndGlobalSection
EndGlobal
